
Microsoft Visual Studio Solution File, Format Version 11.00
# Visual Studio 2010
Project("{FAE04EC0-301F-11D3-BF4B-00C04F79EFBC}") = "FTAnalyzer", "FTAnalyzer.csproj", "{799ECA65-6748-4B7C-BBD5-429C19E02161}"
EndProject
Project("{FAE04EC0-301F-11D3-BF4B-00C04F79EFBC}") = "Old Java Code", "..\Old Java Code\Old Java Code.csproj", "{19F9AC73-3B92-4656-9280-6CB638CB88E2}"
EndProject
Project("{FAE04EC0-301F-11D3-BF4B-00C04F79EFBC}") = "FTMAnalyzer", "..\FTMAnalyzer\FTMAnalyzer.csproj", "{4DA6B8B8-8F42-4DFF-B998-5DF9F99929AE}"
EndProject
Project("{FAE04EC0-301F-11D3-BF4B-00C04F79EFBC}") = "FactDateTest", "FactDateTest\FactDateTest.csproj", "{B1B5657E-4843-42BC-B859-FFEE313A1680}"
EndProject
Project("{2150E333-8FDC-42A3-9474-1A3956D46DE8}") = "Solution Items", "Solution Items", "{9E472449-87D9-4733-B16D-C380B90A309C}"
	ProjectSection(SolutionItems) = preProject
		FTAnalyzer.vsmdi = FTAnalyzer.vsmdi
		Local.testsettings = Local.testsettings
		TraceAndTestImpact.testsettings = TraceAndTestImpact.testsettings
	EndProjectSection
EndProject
Global
	GlobalSection(TeamFoundationVersionControl) = preSolution
		SccNumberOfProjects = 5
		SccEnterpriseProvider = {4CA58AB2-18FA-4F8D-95D4-32DDF27D184C}
		SccTeamFoundationServer = https://tfs.codeplex.com/tfs/tfs08
		SccLocalPath0 = .
		SccProjectUniqueName1 = FTAnalyzer.csproj
		SccLocalPath1 = .
		SccProjectUniqueName2 = ..\\Old\u0020Java\u0020Code\\Old\u0020Java\u0020Code.csproj
		SccProjectName2 = ../Old\u0020Java\u0020Code
		SccLocalPath2 = ..\\Old\u0020Java\u0020Code
		SccProjectUniqueName3 = ..\\FTMAnalyzer\\FTMAnalyzer.csproj
		SccProjectName3 = ../FTMAnalyzer
		SccLocalPath3 = ..\\FTMAnalyzer
		SccProjectUniqueName4 = FactDateTest\\FactDateTest.csproj
		SccProjectName4 = FactDateTest
		SccLocalPath4 = FactDateTest
	EndGlobalSection
	GlobalSection(TestCaseManagementSettings) = postSolution
		CategoryFile = FTAnalyzer.vsmdi
	EndGlobalSection
	GlobalSection(SolutionConfigurationPlatforms) = preSolution
		Debug|Any CPU = Debug|Any CPU
		Debug|x86 = Debug|x86
		Release|Any CPU = Release|Any CPU
		Release|x86 = Release|x86
	EndGlobalSection
	GlobalSection(ProjectConfigurationPlatforms) = postSolution
		{799ECA65-6748-4B7C-BBD5-429C19E02161}.Debug|Any CPU.ActiveCfg = Debug|Any CPU
		{799ECA65-6748-4B7C-BBD5-429C19E02161}.Debug|Any CPU.Build.0 = Debug|Any CPU
		{799ECA65-6748-4B7C-BBD5-429C19E02161}.Debug|x86.ActiveCfg = Debug|x86
		{799ECA65-6748-4B7C-BBD5-429C19E02161}.Debug|x86.Build.0 = Debug|x86
		{799ECA65-6748-4B7C-BBD5-429C19E02161}.Release|Any CPU.ActiveCfg = Release|Any CPU
		{799ECA65-6748-4B7C-BBD5-429C19E02161}.Release|Any CPU.Build.0 = Release|Any CPU
		{799ECA65-6748-4B7C-BBD5-429C19E02161}.Release|x86.ActiveCfg = Release|x86
		{799ECA65-6748-4B7C-BBD5-429C19E02161}.Release|x86.Build.0 = Release|x86
		{19F9AC73-3B92-4656-9280-6CB638CB88E2}.Debug|Any CPU.ActiveCfg = Debug|Any CPU
		{19F9AC73-3B92-4656-9280-6CB638CB88E2}.Debug|Any CPU.Build.0 = Debug|Any CPU
		{19F9AC73-3B92-4656-9280-6CB638CB88E2}.Debug|x86.ActiveCfg = Debug|x86
		{19F9AC73-3B92-4656-9280-6CB638CB88E2}.Debug|x86.Build.0 = Debug|x86
		{19F9AC73-3B92-4656-9280-6CB638CB88E2}.Release|Any CPU.ActiveCfg = Release|Any CPU
		{19F9AC73-3B92-4656-9280-6CB638CB88E2}.Release|Any CPU.Build.0 = Release|Any CPU
		{19F9AC73-3B92-4656-9280-6CB638CB88E2}.Release|x86.ActiveCfg = Release|x86
		{19F9AC73-3B92-4656-9280-6CB638CB88E2}.Release|x86.Build.0 = Release|x86
		{4DA6B8B8-8F42-4DFF-B998-5DF9F99929AE}.Debug|Any CPU.ActiveCfg = Debug|Any CPU
		{4DA6B8B8-8F42-4DFF-B998-5DF9F99929AE}.Debug|Any CPU.Build.0 = Debug|Any CPU
		{4DA6B8B8-8F42-4DFF-B998-5DF9F99929AE}.Debug|x86.ActiveCfg = Debug|Any CPU
		{4DA6B8B8-8F42-4DFF-B998-5DF9F99929AE}.Release|Any CPU.ActiveCfg = Release|Any CPU
		{4DA6B8B8-8F42-4DFF-B998-5DF9F99929AE}.Release|Any CPU.Build.0 = Release|Any CPU
		{4DA6B8B8-8F42-4DFF-B998-5DF9F99929AE}.Release|x86.ActiveCfg = Release|Any CPU
		{B1B5657E-4843-42BC-B859-FFEE313A1680}.Debug|Any CPU.ActiveCfg = Debug|Any CPU
		{B1B5657E-4843-42BC-B859-FFEE313A1680}.Debug|Any CPU.Build.0 = Debug|Any CPU
		{B1B5657E-4843-42BC-B859-FFEE313A1680}.Debug|x86.ActiveCfg = Debug|Any CPU
		{B1B5657E-4843-42BC-B859-FFEE313A1680}.Release|Any CPU.ActiveCfg = Release|Any CPU
		{B1B5657E-4843-42BC-B859-FFEE313A1680}.Release|Any CPU.Build.0 = Release|Any CPU
		{B1B5657E-4843-42BC-B859-FFEE313A1680}.Release|x86.ActiveCfg = Release|Any CPU
	EndGlobalSection
	GlobalSection(SolutionProperties) = preSolution
		HideSolutionNode = FALSE
	EndGlobalSection
EndGlobal
