Microsoft Visual Studio Solution File, Format Version 12.00
# Visual Studio 2013
VisualStudioVersion = 12.0.30501.0
MinimumVisualStudioVersion = 10.0.40219.1
Project("{FAE04EC0-301F-11D3-BF4B-00C04F79EFBC}") = "FTAnalyzer", "FTAnalyzer.csproj", "{799ECA65-6748-4B7C-BBD5-429C19E02161}"
	ProjectSection(ProjectDependencies) = postProject
		{3D793607-BF4F-4E49-870F-191E187C2EAD} = {3D793607-BF4F-4E49-870F-191E187C2EAD}
		{2DDE32B6-2BC5-44D3-8BE2-E7705645558F} = {2DDE32B6-2BC5-44D3-8BE2-E7705645558F}
	EndProjectSection
EndProject
Project("{FAE04EC0-301F-11D3-BF4B-00C04F79EFBC}") = "FTMAnalyzer", "..\FTMAnalyzer\FTMAnalyzer.csproj", "{4DA6B8B8-8F42-4DFF-B998-5DF9F99929AE}"
EndProject
Project("{FAE04EC0-301F-11D3-BF4B-00C04F79EFBC}") = "FTA-UnitTests", "FactDateTest\FTA-UnitTests.csproj", "{B1B5657E-4843-42BC-B859-FFEE313A1680}"
EndProject
Project("{2150E333-8FDC-42A3-9474-1A3956D46DE8}") = "Solution Items", "Solution Items", "{9E472449-87D9-4733-B16D-C380B90A309C}"
	ProjectSection(SolutionItems) = preProject
		FTAnalyzer.vsmdi = FTAnalyzer.vsmdi
		Local.testsettings = Local.testsettings
		Performance1.psess = Performance1.psess
		TraceAndTestImpact.testsettings = TraceAndTestImpact.testsettings
	EndProjectSection
EndProject
Project("{FAE04EC0-301F-11D3-BF4B-00C04F79EFBC}") = "Printing.DataGridViewPrint", "..\Printing.DataGridViewPrint\Printing.DataGridViewPrint.csproj", "{FDFCB41B-C75D-476F-A4AA-EFD8C875A677}"
EndProject
Project("{FAE04EC0-301F-11D3-BF4B-00C04F79EFBC}") = "DgvFilterPopup", "..\DgvFilterPopup\DgvFilterPopup.csproj", "{4B9BE5FD-303E-4270-9C4D-FA3BDE6C34EB}"
EndProject
Project("{2150E333-8FDC-42A3-9474-1A3956D46DE8}") = ".nuget", ".nuget", "{918894A4-B33D-4D18-B384-FAD8FF756C1C}"
	ProjectSection(SolutionItems) = preProject
		.nuget\NuGet.Config = .nuget\NuGet.Config
		.nuget\NuGet.exe = .nuget\NuGet.exe
		.nuget\NuGet.targets = .nuget\NuGet.targets
	EndProjectSection
EndProject
Project("{FAE04EC0-301F-11D3-BF4B-00C04F79EFBC}") = "BruTile", "..\BruTile\BruTile\BruTile.csproj", "{3D793607-BF4F-4E49-870F-191E187C2EAD}"
EndProject
Project("{FAE04EC0-301F-11D3-BF4B-00C04F79EFBC}") = "BruTile.Desktop", "..\BruTile\BruTile.Desktop\BruTile.Desktop.csproj", "{2DDE32B6-2BC5-44D3-8BE2-E7705645558F}"
EndProject
Project("{FAE04EC0-301F-11D3-BF4B-00C04F79EFBC}") = "OSGazetteerProcessor", "..\OSGazetteerProcessor\OSGazetteerProcessor.csproj", "{FB20C4F6-B32D-428D-AACC-26C7D0EC314F}"
EndProject
Global
	GlobalSection(TeamFoundationVersionControl) = preSolution
		SccNumberOfProjects = 9
		SccEnterpriseProvider = {4CA58AB2-18FA-4F8D-95D4-32DDF27D184C}
		SccTeamFoundationServer = https://tfs.codeplex.com/tfs/tfs08
		SccLocalPath0 = .
		SccProjectUniqueName1 = FTAnalyzer.csproj
		SccLocalPath1 = .
		SccProjectUniqueName2 = ..\\FTMAnalyzer\\FTMAnalyzer.csproj
		SccProjectName2 = ../FTMAnalyzer
		SccLocalPath2 = ..\\FTMAnalyzer
		SccProjectUniqueName3 = FactDateTest\\FTA-UnitTests.csproj
		SccProjectName3 = FactDateTest
		SccLocalPath3 = FactDateTest
		SccProjectUniqueName4 = ..\\Printing.DataGridViewPrint\\Printing.DataGridViewPrint.csproj
		SccProjectName4 = ../Printing.DataGridViewPrint
		SccLocalPath4 = ..\\Printing.DataGridViewPrint
		SccProjectUniqueName5 = ..\\DgvFilterPopup\\DgvFilterPopup.csproj
		SccProjectName5 = ../DgvFilterPopup
		SccLocalPath5 = ..\\DgvFilterPopup
		SccProjectUniqueName6 = ..\\BruTile\\BruTile\\BruTile.csproj
		SccProjectName6 = ../BruTile/BruTile
		SccLocalPath6 = ..\\BruTile\\BruTile
		SccProjectUniqueName7 = ..\\BruTile\\BruTile.Desktop\\BruTile.Desktop.csproj
		SccProjectName7 = ../BruTile/BruTile.Desktop
		SccLocalPath7 = ..\\BruTile\\BruTile.Desktop
		SccProjectUniqueName8 = ..\\OSGazetteerProcessor\\OSGazetteerProcessor.csproj
		SccProjectName8 = ../OSGazetteerProcessor
		SccLocalPath8 = ..\\OSGazetteerProcessor
	EndGlobalSection
	GlobalSection(SolutionConfigurationPlatforms) = preSolution
		CD_ROM|Any CPU = CD_ROM|Any CPU
		CD_ROM|x86 = CD_ROM|x86
		Debug|Any CPU = Debug|Any CPU
		Debug|x86 = Debug|x86
		DebugDSProjection|Any CPU = DebugDSProjection|Any CPU
		DebugDSProjection|x86 = DebugDSProjection|x86
		DVD-5|Any CPU = DVD-5|Any CPU
		DVD-5|x86 = DVD-5|x86
		Release|Any CPU = Release|Any CPU
		Release|x86 = Release|x86
		ReleaseDSProjection|Any CPU = ReleaseDSProjection|Any CPU
		ReleaseDSProjection|x86 = ReleaseDSProjection|x86
		SingleImage|Any CPU = SingleImage|Any CPU
		SingleImage|x86 = SingleImage|x86
	EndGlobalSection
	GlobalSection(ProjectConfigurationPlatforms) = postSolution
		{799ECA65-6748-4B7C-BBD5-429C19E02161}.CD_ROM|Any CPU.ActiveCfg = Release|Any CPU
		{799ECA65-6748-4B7C-BBD5-429C19E02161}.CD_ROM|Any CPU.Build.0 = Release|Any CPU
		{799ECA65-6748-4B7C-BBD5-429C19E02161}.CD_ROM|x86.ActiveCfg = Release|x86
		{799ECA65-6748-4B7C-BBD5-429C19E02161}.CD_ROM|x86.Build.0 = Release|x86
		{799ECA65-6748-4B7C-BBD5-429C19E02161}.Debug|Any CPU.ActiveCfg = Debug|Any CPU
		{799ECA65-6748-4B7C-BBD5-429C19E02161}.Debug|Any CPU.Build.0 = Debug|Any CPU
		{799ECA65-6748-4B7C-BBD5-429C19E02161}.Debug|x86.ActiveCfg = Debug|x86
		{799ECA65-6748-4B7C-BBD5-429C19E02161}.Debug|x86.Build.0 = Debug|x86
		{799ECA65-6748-4B7C-BBD5-429C19E02161}.DebugDSProjection|Any CPU.ActiveCfg = Debug|x86
		{799ECA65-6748-4B7C-BBD5-429C19E02161}.DebugDSProjection|x86.ActiveCfg = Debug|x86
		{799ECA65-6748-4B7C-BBD5-429C19E02161}.DebugDSProjection|x86.Build.0 = Debug|x86
		{799ECA65-6748-4B7C-BBD5-429C19E02161}.DVD-5|Any CPU.ActiveCfg = Debug|Any CPU
		{799ECA65-6748-4B7C-BBD5-429C19E02161}.DVD-5|Any CPU.Build.0 = Debug|Any CPU
		{799ECA65-6748-4B7C-BBD5-429C19E02161}.DVD-5|x86.ActiveCfg = Debug|x86
		{799ECA65-6748-4B7C-BBD5-429C19E02161}.DVD-5|x86.Build.0 = Debug|x86
		{799ECA65-6748-4B7C-BBD5-429C19E02161}.Release|Any CPU.ActiveCfg = Release|Any CPU
		{799ECA65-6748-4B7C-BBD5-429C19E02161}.Release|Any CPU.Build.0 = Release|Any CPU
		{799ECA65-6748-4B7C-BBD5-429C19E02161}.Release|x86.ActiveCfg = Release|Any CPU
		{799ECA65-6748-4B7C-BBD5-429C19E02161}.Release|x86.Build.0 = Release|Any CPU
		{799ECA65-6748-4B7C-BBD5-429C19E02161}.ReleaseDSProjection|Any CPU.ActiveCfg = Release|x86
		{799ECA65-6748-4B7C-BBD5-429C19E02161}.ReleaseDSProjection|x86.ActiveCfg = Release|x86
		{799ECA65-6748-4B7C-BBD5-429C19E02161}.ReleaseDSProjection|x86.Build.0 = Release|x86
		{799ECA65-6748-4B7C-BBD5-429C19E02161}.SingleImage|Any CPU.ActiveCfg = Release|Any CPU
		{799ECA65-6748-4B7C-BBD5-429C19E02161}.SingleImage|Any CPU.Build.0 = Release|Any CPU
		{799ECA65-6748-4B7C-BBD5-429C19E02161}.SingleImage|x86.ActiveCfg = Release|x86
		{799ECA65-6748-4B7C-BBD5-429C19E02161}.SingleImage|x86.Build.0 = Release|x86
		{4DA6B8B8-8F42-4DFF-B998-5DF9F99929AE}.CD_ROM|Any CPU.ActiveCfg = Release|Any CPU
		{4DA6B8B8-8F42-4DFF-B998-5DF9F99929AE}.CD_ROM|Any CPU.Build.0 = Release|Any CPU
		{4DA6B8B8-8F42-4DFF-B998-5DF9F99929AE}.CD_ROM|x86.ActiveCfg = Release|Any CPU
		{4DA6B8B8-8F42-4DFF-B998-5DF9F99929AE}.Debug|Any CPU.ActiveCfg = Debug|Any CPU
		{4DA6B8B8-8F42-4DFF-B998-5DF9F99929AE}.Debug|x86.ActiveCfg = Debug|Any CPU
		{4DA6B8B8-8F42-4DFF-B998-5DF9F99929AE}.DebugDSProjection|Any CPU.ActiveCfg = Debug|Any CPU
		{4DA6B8B8-8F42-4DFF-B998-5DF9F99929AE}.DebugDSProjection|Any CPU.Build.0 = Debug|Any CPU
		{4DA6B8B8-8F42-4DFF-B998-5DF9F99929AE}.DebugDSProjection|x86.ActiveCfg = Debug|Any CPU
		{4DA6B8B8-8F42-4DFF-B998-5DF9F99929AE}.DVD-5|Any CPU.ActiveCfg = Debug|Any CPU
		{4DA6B8B8-8F42-4DFF-B998-5DF9F99929AE}.DVD-5|Any CPU.Build.0 = Debug|Any CPU
		{4DA6B8B8-8F42-4DFF-B998-5DF9F99929AE}.DVD-5|x86.ActiveCfg = Debug|Any CPU
		{4DA6B8B8-8F42-4DFF-B998-5DF9F99929AE}.Release|Any CPU.ActiveCfg = Release|Any CPU
		{4DA6B8B8-8F42-4DFF-B998-5DF9F99929AE}.Release|x86.ActiveCfg = Release|Any CPU
		{4DA6B8B8-8F42-4DFF-B998-5DF9F99929AE}.ReleaseDSProjection|Any CPU.ActiveCfg = Release|Any CPU
		{4DA6B8B8-8F42-4DFF-B998-5DF9F99929AE}.ReleaseDSProjection|Any CPU.Build.0 = Release|Any CPU
		{4DA6B8B8-8F42-4DFF-B998-5DF9F99929AE}.ReleaseDSProjection|x86.ActiveCfg = Release|Any CPU
		{4DA6B8B8-8F42-4DFF-B998-5DF9F99929AE}.SingleImage|Any CPU.ActiveCfg = Release|Any CPU
		{4DA6B8B8-8F42-4DFF-B998-5DF9F99929AE}.SingleImage|Any CPU.Build.0 = Release|Any CPU
		{4DA6B8B8-8F42-4DFF-B998-5DF9F99929AE}.SingleImage|x86.ActiveCfg = Release|Any CPU
		{B1B5657E-4843-42BC-B859-FFEE313A1680}.CD_ROM|Any CPU.ActiveCfg = Release|Any CPU
		{B1B5657E-4843-42BC-B859-FFEE313A1680}.CD_ROM|Any CPU.Build.0 = Release|Any CPU
		{B1B5657E-4843-42BC-B859-FFEE313A1680}.CD_ROM|x86.ActiveCfg = Release|Any CPU
		{B1B5657E-4843-42BC-B859-FFEE313A1680}.Debug|Any CPU.ActiveCfg = Debug|Any CPU
		{B1B5657E-4843-42BC-B859-FFEE313A1680}.Debug|Any CPU.Build.0 = Debug|Any CPU
		{B1B5657E-4843-42BC-B859-FFEE313A1680}.Debug|x86.ActiveCfg = Debug|Any CPU
		{B1B5657E-4843-42BC-B859-FFEE313A1680}.DebugDSProjection|Any CPU.ActiveCfg = Debug|Any CPU
		{B1B5657E-4843-42BC-B859-FFEE313A1680}.DebugDSProjection|Any CPU.Build.0 = Debug|Any CPU
		{B1B5657E-4843-42BC-B859-FFEE313A1680}.DebugDSProjection|x86.ActiveCfg = Debug|Any CPU
		{B1B5657E-4843-42BC-B859-FFEE313A1680}.DVD-5|Any CPU.ActiveCfg = Debug|Any CPU
		{B1B5657E-4843-42BC-B859-FFEE313A1680}.DVD-5|Any CPU.Build.0 = Debug|Any CPU
		{B1B5657E-4843-42BC-B859-FFEE313A1680}.DVD-5|x86.ActiveCfg = Debug|Any CPU
		{B1B5657E-4843-42BC-B859-FFEE313A1680}.Release|Any CPU.ActiveCfg = Release|Any CPU
		{B1B5657E-4843-42BC-B859-FFEE313A1680}.Release|Any CPU.Build.0 = Release|Any CPU
		{B1B5657E-4843-42BC-B859-FFEE313A1680}.Release|x86.ActiveCfg = Release|Any CPU
		{B1B5657E-4843-42BC-B859-FFEE313A1680}.ReleaseDSProjection|Any CPU.ActiveCfg = Release|Any CPU
		{B1B5657E-4843-42BC-B859-FFEE313A1680}.ReleaseDSProjection|Any CPU.Build.0 = Release|Any CPU
		{B1B5657E-4843-42BC-B859-FFEE313A1680}.ReleaseDSProjection|x86.ActiveCfg = Release|Any CPU
		{B1B5657E-4843-42BC-B859-FFEE313A1680}.SingleImage|Any CPU.ActiveCfg = Release|Any CPU
		{B1B5657E-4843-42BC-B859-FFEE313A1680}.SingleImage|Any CPU.Build.0 = Release|Any CPU
		{B1B5657E-4843-42BC-B859-FFEE313A1680}.SingleImage|x86.ActiveCfg = Release|Any CPU
		{FDFCB41B-C75D-476F-A4AA-EFD8C875A677}.CD_ROM|Any CPU.ActiveCfg = Release|Any CPU
		{FDFCB41B-C75D-476F-A4AA-EFD8C875A677}.CD_ROM|Any CPU.Build.0 = Release|Any CPU
		{FDFCB41B-C75D-476F-A4AA-EFD8C875A677}.CD_ROM|x86.ActiveCfg = Release|Any CPU
		{FDFCB41B-C75D-476F-A4AA-EFD8C875A677}.Debug|Any CPU.ActiveCfg = Debug|Any CPU
		{FDFCB41B-C75D-476F-A4AA-EFD8C875A677}.Debug|Any CPU.Build.0 = Debug|Any CPU
		{FDFCB41B-C75D-476F-A4AA-EFD8C875A677}.Debug|x86.ActiveCfg = Debug|Any CPU
		{FDFCB41B-C75D-476F-A4AA-EFD8C875A677}.DebugDSProjection|Any CPU.ActiveCfg = Debug|Any CPU
		{FDFCB41B-C75D-476F-A4AA-EFD8C875A677}.DebugDSProjection|Any CPU.Build.0 = Debug|Any CPU
		{FDFCB41B-C75D-476F-A4AA-EFD8C875A677}.DebugDSProjection|x86.ActiveCfg = Debug|Any CPU
		{FDFCB41B-C75D-476F-A4AA-EFD8C875A677}.DVD-5|Any CPU.ActiveCfg = Debug|Any CPU
		{FDFCB41B-C75D-476F-A4AA-EFD8C875A677}.DVD-5|Any CPU.Build.0 = Debug|Any CPU
		{FDFCB41B-C75D-476F-A4AA-EFD8C875A677}.DVD-5|x86.ActiveCfg = Debug|Any CPU
		{FDFCB41B-C75D-476F-A4AA-EFD8C875A677}.Release|Any CPU.ActiveCfg = Release|Any CPU
		{FDFCB41B-C75D-476F-A4AA-EFD8C875A677}.Release|Any CPU.Build.0 = Release|Any CPU
		{FDFCB41B-C75D-476F-A4AA-EFD8C875A677}.Release|x86.ActiveCfg = Release|Any CPU
		{FDFCB41B-C75D-476F-A4AA-EFD8C875A677}.ReleaseDSProjection|Any CPU.ActiveCfg = Release|Any CPU
		{FDFCB41B-C75D-476F-A4AA-EFD8C875A677}.ReleaseDSProjection|Any CPU.Build.0 = Release|Any CPU
		{FDFCB41B-C75D-476F-A4AA-EFD8C875A677}.ReleaseDSProjection|x86.ActiveCfg = Release|Any CPU
		{FDFCB41B-C75D-476F-A4AA-EFD8C875A677}.SingleImage|Any CPU.ActiveCfg = Release|Any CPU
		{FDFCB41B-C75D-476F-A4AA-EFD8C875A677}.SingleImage|Any CPU.Build.0 = Release|Any CPU
		{FDFCB41B-C75D-476F-A4AA-EFD8C875A677}.SingleImage|x86.ActiveCfg = Release|Any CPU
		{4B9BE5FD-303E-4270-9C4D-FA3BDE6C34EB}.CD_ROM|Any CPU.ActiveCfg = Release|Any CPU
		{4B9BE5FD-303E-4270-9C4D-FA3BDE6C34EB}.CD_ROM|Any CPU.Build.0 = Release|Any CPU
		{4B9BE5FD-303E-4270-9C4D-FA3BDE6C34EB}.CD_ROM|x86.ActiveCfg = Release|Any CPU
		{4B9BE5FD-303E-4270-9C4D-FA3BDE6C34EB}.Debug|Any CPU.ActiveCfg = Debug|Any CPU
		{4B9BE5FD-303E-4270-9C4D-FA3BDE6C34EB}.Debug|Any CPU.Build.0 = Debug|Any CPU
		{4B9BE5FD-303E-4270-9C4D-FA3BDE6C34EB}.Debug|x86.ActiveCfg = Debug|Any CPU
		{4B9BE5FD-303E-4270-9C4D-FA3BDE6C34EB}.DebugDSProjection|Any CPU.ActiveCfg = Debug|Any CPU
		{4B9BE5FD-303E-4270-9C4D-FA3BDE6C34EB}.DebugDSProjection|Any CPU.Build.0 = Debug|Any CPU
		{4B9BE5FD-303E-4270-9C4D-FA3BDE6C34EB}.DebugDSProjection|x86.ActiveCfg = Debug|Any CPU
		{4B9BE5FD-303E-4270-9C4D-FA3BDE6C34EB}.DVD-5|Any CPU.ActiveCfg = Debug|Any CPU
		{4B9BE5FD-303E-4270-9C4D-FA3BDE6C34EB}.DVD-5|Any CPU.Build.0 = Debug|Any CPU
		{4B9BE5FD-303E-4270-9C4D-FA3BDE6C34EB}.DVD-5|x86.ActiveCfg = Debug|Any CPU
		{4B9BE5FD-303E-4270-9C4D-FA3BDE6C34EB}.Release|Any CPU.ActiveCfg = Release|Any CPU
		{4B9BE5FD-303E-4270-9C4D-FA3BDE6C34EB}.Release|Any CPU.Build.0 = Release|Any CPU
		{4B9BE5FD-303E-4270-9C4D-FA3BDE6C34EB}.Release|x86.ActiveCfg = Release|Any CPU
		{4B9BE5FD-303E-4270-9C4D-FA3BDE6C34EB}.ReleaseDSProjection|Any CPU.ActiveCfg = Release|Any CPU
		{4B9BE5FD-303E-4270-9C4D-FA3BDE6C34EB}.ReleaseDSProjection|Any CPU.Build.0 = Release|Any CPU
		{4B9BE5FD-303E-4270-9C4D-FA3BDE6C34EB}.ReleaseDSProjection|x86.ActiveCfg = Release|Any CPU
		{4B9BE5FD-303E-4270-9C4D-FA3BDE6C34EB}.SingleImage|Any CPU.ActiveCfg = Release|Any CPU
		{4B9BE5FD-303E-4270-9C4D-FA3BDE6C34EB}.SingleImage|Any CPU.Build.0 = Release|Any CPU
		{4B9BE5FD-303E-4270-9C4D-FA3BDE6C34EB}.SingleImage|x86.ActiveCfg = Release|Any CPU
		{3D793607-BF4F-4E49-870F-191E187C2EAD}.CD_ROM|Any CPU.ActiveCfg = Release|Any CPU
		{3D793607-BF4F-4E49-870F-191E187C2EAD}.CD_ROM|Any CPU.Build.0 = Release|Any CPU
		{3D793607-BF4F-4E49-870F-191E187C2EAD}.CD_ROM|x86.ActiveCfg = Release|Any CPU
		{3D793607-BF4F-4E49-870F-191E187C2EAD}.Debug|Any CPU.ActiveCfg = Debug|Any CPU
		{3D793607-BF4F-4E49-870F-191E187C2EAD}.Debug|Any CPU.Build.0 = Debug|Any CPU
		{3D793607-BF4F-4E49-870F-191E187C2EAD}.Debug|x86.ActiveCfg = Debug|Any CPU
		{3D793607-BF4F-4E49-870F-191E187C2EAD}.DebugDSProjection|Any CPU.ActiveCfg = Debug|Any CPU
		{3D793607-BF4F-4E49-870F-191E187C2EAD}.DebugDSProjection|Any CPU.Build.0 = Debug|Any CPU
		{3D793607-BF4F-4E49-870F-191E187C2EAD}.DebugDSProjection|x86.ActiveCfg = Debug|Any CPU
		{3D793607-BF4F-4E49-870F-191E187C2EAD}.DVD-5|Any CPU.ActiveCfg = Debug|Any CPU
		{3D793607-BF4F-4E49-870F-191E187C2EAD}.DVD-5|Any CPU.Build.0 = Debug|Any CPU
		{3D793607-BF4F-4E49-870F-191E187C2EAD}.DVD-5|x86.ActiveCfg = Debug|Any CPU
		{3D793607-BF4F-4E49-870F-191E187C2EAD}.Release|Any CPU.ActiveCfg = Release|Any CPU
		{3D793607-BF4F-4E49-870F-191E187C2EAD}.Release|Any CPU.Build.0 = Release|Any CPU
		{3D793607-BF4F-4E49-870F-191E187C2EAD}.Release|x86.ActiveCfg = Release|Any CPU
		{3D793607-BF4F-4E49-870F-191E187C2EAD}.ReleaseDSProjection|Any CPU.ActiveCfg = Release|Any CPU
		{3D793607-BF4F-4E49-870F-191E187C2EAD}.ReleaseDSProjection|Any CPU.Build.0 = Release|Any CPU
		{3D793607-BF4F-4E49-870F-191E187C2EAD}.ReleaseDSProjection|x86.ActiveCfg = Release|Any CPU
		{3D793607-BF4F-4E49-870F-191E187C2EAD}.SingleImage|Any CPU.ActiveCfg = Release|Any CPU
		{3D793607-BF4F-4E49-870F-191E187C2EAD}.SingleImage|Any CPU.Build.0 = Release|Any CPU
		{3D793607-BF4F-4E49-870F-191E187C2EAD}.SingleImage|x86.ActiveCfg = Release|Any CPU
		{2DDE32B6-2BC5-44D3-8BE2-E7705645558F}.CD_ROM|Any CPU.ActiveCfg = Release|Any CPU
		{2DDE32B6-2BC5-44D3-8BE2-E7705645558F}.CD_ROM|Any CPU.Build.0 = Release|Any CPU
		{2DDE32B6-2BC5-44D3-8BE2-E7705645558F}.CD_ROM|x86.ActiveCfg = Release|x86
		{2DDE32B6-2BC5-44D3-8BE2-E7705645558F}.CD_ROM|x86.Build.0 = Release|x86
		{2DDE32B6-2BC5-44D3-8BE2-E7705645558F}.Debug|Any CPU.ActiveCfg = Debug|Any CPU
		{2DDE32B6-2BC5-44D3-8BE2-E7705645558F}.Debug|Any CPU.Build.0 = Debug|Any CPU
		{2DDE32B6-2BC5-44D3-8BE2-E7705645558F}.Debug|x86.ActiveCfg = Debug|Any CPU
		{2DDE32B6-2BC5-44D3-8BE2-E7705645558F}.DebugDSProjection|Any CPU.ActiveCfg = Debug|Any CPU
		{2DDE32B6-2BC5-44D3-8BE2-E7705645558F}.DebugDSProjection|Any CPU.Build.0 = Debug|Any CPU
		{2DDE32B6-2BC5-44D3-8BE2-E7705645558F}.DebugDSProjection|x86.ActiveCfg = Debug|Any CPU
		{2DDE32B6-2BC5-44D3-8BE2-E7705645558F}.DVD-5|Any CPU.ActiveCfg = Debug|Any CPU
		{2DDE32B6-2BC5-44D3-8BE2-E7705645558F}.DVD-5|Any CPU.Build.0 = Debug|Any CPU
		{2DDE32B6-2BC5-44D3-8BE2-E7705645558F}.DVD-5|x86.ActiveCfg = Debug|x86
		{2DDE32B6-2BC5-44D3-8BE2-E7705645558F}.DVD-5|x86.Build.0 = Debug|x86
		{2DDE32B6-2BC5-44D3-8BE2-E7705645558F}.Release|Any CPU.ActiveCfg = Release|Any CPU
		{2DDE32B6-2BC5-44D3-8BE2-E7705645558F}.Release|Any CPU.Build.0 = Release|Any CPU
		{2DDE32B6-2BC5-44D3-8BE2-E7705645558F}.Release|x86.ActiveCfg = Release|Any CPU
		{2DDE32B6-2BC5-44D3-8BE2-E7705645558F}.ReleaseDSProjection|Any CPU.ActiveCfg = Release|Any CPU
		{2DDE32B6-2BC5-44D3-8BE2-E7705645558F}.ReleaseDSProjection|Any CPU.Build.0 = Release|Any CPU
		{2DDE32B6-2BC5-44D3-8BE2-E7705645558F}.ReleaseDSProjection|x86.ActiveCfg = Release|Any CPU
		{2DDE32B6-2BC5-44D3-8BE2-E7705645558F}.SingleImage|Any CPU.ActiveCfg = Release|Any CPU
		{2DDE32B6-2BC5-44D3-8BE2-E7705645558F}.SingleImage|Any CPU.Build.0 = Release|Any CPU
		{2DDE32B6-2BC5-44D3-8BE2-E7705645558F}.SingleImage|x86.ActiveCfg = Release|x86
		{2DDE32B6-2BC5-44D3-8BE2-E7705645558F}.SingleImage|x86.Build.0 = Release|x86
		{FB20C4F6-B32D-428D-AACC-26C7D0EC314F}.CD_ROM|Any CPU.ActiveCfg = Release|Any CPU
		{FB20C4F6-B32D-428D-AACC-26C7D0EC314F}.CD_ROM|Any CPU.Build.0 = Release|Any CPU
		{FB20C4F6-B32D-428D-AACC-26C7D0EC314F}.CD_ROM|x86.ActiveCfg = Release|Any CPU
		{FB20C4F6-B32D-428D-AACC-26C7D0EC314F}.Debug|Any CPU.ActiveCfg = Debug|Any CPU
		{FB20C4F6-B32D-428D-AACC-26C7D0EC314F}.Debug|Any CPU.Build.0 = Debug|Any CPU
		{FB20C4F6-B32D-428D-AACC-26C7D0EC314F}.Debug|x86.ActiveCfg = Debug|Any CPU
		{FB20C4F6-B32D-428D-AACC-26C7D0EC314F}.DebugDSProjection|Any CPU.ActiveCfg = Debug|Any CPU
		{FB20C4F6-B32D-428D-AACC-26C7D0EC314F}.DebugDSProjection|Any CPU.Build.0 = Debug|Any CPU
		{FB20C4F6-B32D-428D-AACC-26C7D0EC314F}.DebugDSProjection|x86.ActiveCfg = Debug|Any CPU
		{FB20C4F6-B32D-428D-AACC-26C7D0EC314F}.DVD-5|Any CPU.ActiveCfg = Debug|Any CPU
		{FB20C4F6-B32D-428D-AACC-26C7D0EC314F}.DVD-5|Any CPU.Build.0 = Debug|Any CPU
		{FB20C4F6-B32D-428D-AACC-26C7D0EC314F}.DVD-5|x86.ActiveCfg = Debug|Any CPU
		{FB20C4F6-B32D-428D-AACC-26C7D0EC314F}.Release|Any CPU.ActiveCfg = Release|Any CPU
		{FB20C4F6-B32D-428D-AACC-26C7D0EC314F}.Release|Any CPU.Build.0 = Release|Any CPU
		{FB20C4F6-B32D-428D-AACC-26C7D0EC314F}.Release|x86.ActiveCfg = Release|Any CPU
		{FB20C4F6-B32D-428D-AACC-26C7D0EC314F}.ReleaseDSProjection|Any CPU.ActiveCfg = Release|Any CPU
		{FB20C4F6-B32D-428D-AACC-26C7D0EC314F}.ReleaseDSProjection|Any CPU.Build.0 = Release|Any CPU
		{FB20C4F6-B32D-428D-AACC-26C7D0EC314F}.ReleaseDSProjection|x86.ActiveCfg = Release|Any CPU
		{FB20C4F6-B32D-428D-AACC-26C7D0EC314F}.SingleImage|Any CPU.ActiveCfg = Release|Any CPU
		{FB20C4F6-B32D-428D-AACC-26C7D0EC314F}.SingleImage|Any CPU.Build.0 = Release|Any CPU
		{FB20C4F6-B32D-428D-AACC-26C7D0EC314F}.SingleImage|x86.ActiveCfg = Release|Any CPU
	EndGlobalSection
	GlobalSection(SolutionProperties) = preSolution
		HideSolutionNode = FALSE
	EndGlobalSection
	GlobalSection(TestCaseManagementSettings) = postSolution
		CategoryFile = FTAnalyzer.vsmdi
	EndGlobalSection
	GlobalSection(TestCaseManagementSettings) = postSolution
		CategoryFile = MultiSelectTreeView.vsmdi
	EndGlobalSection
EndGlobal
