Microsoft Visual Studio Solution File, Format Version 12.00
# Visual Studio 15
VisualStudioVersion = 15.0.27130.2026
MinimumVisualStudioVersion = 10.0.40219.1
Project("{FAE04EC0-301F-11D3-BF4B-00C04F79EFBC}") = "FTAnalyzer.Windows", "FTAnalyzer.Windows.csproj", "{799ECA65-6748-4B7C-BBD5-429C19E02161}"
	ProjectSection(ProjectDependencies) = postProject
		{A4140C12-53F5-438C-8D24-9E48C504FECF} = {A4140C12-53F5-438C-8D24-9E48C504FECF}
		{DD1CC1DB-4BF9-4C88-A100-733D84795F3A} = {DD1CC1DB-4BF9-4C88-A100-733D84795F3A}
		{D84F31ED-3D81-42F2-9190-3D021D6038A0} = {D84F31ED-3D81-42F2-9190-3D021D6038A0}
		{C83777FC-AABB-47D9-911F-D76255D4D541} = {C83777FC-AABB-47D9-911F-D76255D4D541}
	EndProjectSection
EndProject
Project("{FAE04EC0-301F-11D3-BF4B-00C04F79EFBC}") = "FTA-UnitTests", "FactDateTest\FTA-UnitTests.csproj", "{B1B5657E-4843-42BC-B859-FFEE313A1680}"
EndProject
Project("{2150E333-8FDC-42A3-9474-1A3956D46DE8}") = "Solution Items", "Solution Items", "{9E472449-87D9-4733-B16D-C380B90A309C}"
	ProjectSection(SolutionItems) = preProject
		FTAnalyzer.vsmdi = FTAnalyzer.vsmdi
		Local.testsettings = Local.testsettings
		TraceAndTestImpact.testsettings = TraceAndTestImpact.testsettings
	EndProjectSection
EndProject
Project("{2150E333-8FDC-42A3-9474-1A3956D46DE8}") = ".nuget", ".nuget", "{918894A4-B33D-4D18-B384-FAD8FF756C1C}"
	ProjectSection(SolutionItems) = preProject
		.nuget\NuGet.Config = .nuget\NuGet.Config
		.nuget\NuGet.exe = .nuget\NuGet.exe
		.nuget\NuGet.targets = .nuget\NuGet.targets
	EndProjectSection
EndProject
Project("{FAE04EC0-301F-11D3-BF4B-00C04F79EFBC}") = "OSGazetteerProcessor", "..\OSGazetteerProcessor\OSGazetteerProcessor.csproj", "{FB20C4F6-B32D-428D-AACC-26C7D0EC314F}"
EndProject
Project("{D954291E-2A0B-460D-934E-DC6B0785DB48}") = "FTAnalyzer.Shared", "..\FTAnalyzer.Shared\FTAnalyzer.Shared.shproj", "{89621EBE-2416-4E13-BF69-F1C145908518}"
EndProject
Project("{FAE04EC0-301F-11D3-BF4B-00C04F79EFBC}") = "SharpMap", "..\SharpMap\SharpMap.csproj", "{C83777FC-AABB-47D9-911F-D76255D4D541}"
EndProject
Project("{FAE04EC0-301F-11D3-BF4B-00C04F79EFBC}") = "SharpMap.Extensions", "..\SharpMap.Extensions\SharpMap.Extensions.csproj", "{A4140C12-53F5-438C-8D24-9E48C504FECF}"
EndProject
Project("{FAE04EC0-301F-11D3-BF4B-00C04F79EFBC}") = "SharpMap.Layers.BruTile", "..\SharpMap.Layers.BruTile\SharpMap.Layers.BruTile.csproj", "{D84F31ED-3D81-42F2-9190-3D021D6038A0}"
EndProject
Project("{FAE04EC0-301F-11D3-BF4B-00C04F79EFBC}") = "SharpMap.UI", "..\SharpMap.UI\SharpMap.UI.csproj", "{DD1CC1DB-4BF9-4C88-A100-733D84795F3A}"
EndProject
Global
	GlobalSection(SharedMSBuildProjectFiles) = preSolution
		..\FTAnalyzer.Shared\FTAnalyzer.Shared.projitems*{799eca65-6748-4b7c-bbd5-429c19e02161}*SharedItemsImports = 4
		..\FTAnalyzer.Shared\FTAnalyzer.Shared.projitems*{89621ebe-2416-4e13-bf69-f1c145908518}*SharedItemsImports = 13
	EndGlobalSection
	GlobalSection(SolutionConfigurationPlatforms) = preSolution
		CD_ROM|Any CPU = CD_ROM|Any CPU
		CD_ROM|x86 = CD_ROM|x86
		Debug|Any CPU = Debug|Any CPU
		Debug|x86 = Debug|x86
		DebugDSProjection|Any CPU = DebugDSProjection|Any CPU
		DebugDSProjection|x86 = DebugDSProjection|x86
		DVD-5|Any CPU = DVD-5|Any CPU
		DVD-5|x86 = DVD-5|x86
		Release|Any CPU = Release|Any CPU
		Release|x86 = Release|x86
		ReleaseDSProjection|Any CPU = ReleaseDSProjection|Any CPU
		ReleaseDSProjection|x86 = ReleaseDSProjection|x86
		SingleImage|Any CPU = SingleImage|Any CPU
		SingleImage|x86 = SingleImage|x86
	EndGlobalSection
	GlobalSection(ProjectConfigurationPlatforms) = postSolution
		{799ECA65-6748-4B7C-BBD5-429C19E02161}.CD_ROM|Any CPU.ActiveCfg = Release|Any CPU
		{799ECA65-6748-4B7C-BBD5-429C19E02161}.CD_ROM|Any CPU.Build.0 = Release|Any CPU
		{799ECA65-6748-4B7C-BBD5-429C19E02161}.CD_ROM|x86.ActiveCfg = Release|x86
		{799ECA65-6748-4B7C-BBD5-429C19E02161}.CD_ROM|x86.Build.0 = Release|x86
		{799ECA65-6748-4B7C-BBD5-429C19E02161}.Debug|Any CPU.ActiveCfg = Debug|Any CPU
		{799ECA65-6748-4B7C-BBD5-429C19E02161}.Debug|Any CPU.Build.0 = Debug|Any CPU
		{799ECA65-6748-4B7C-BBD5-429C19E02161}.Debug|x86.ActiveCfg = Debug|x86
		{799ECA65-6748-4B7C-BBD5-429C19E02161}.Debug|x86.Build.0 = Debug|x86
		{799ECA65-6748-4B7C-BBD5-429C19E02161}.DebugDSProjection|Any CPU.ActiveCfg = Debug|x86
		{799ECA65-6748-4B7C-BBD5-429C19E02161}.DebugDSProjection|x86.ActiveCfg = Debug|x86
		{799ECA65-6748-4B7C-BBD5-429C19E02161}.DebugDSProjection|x86.Build.0 = Debug|x86
		{799ECA65-6748-4B7C-BBD5-429C19E02161}.DVD-5|Any CPU.ActiveCfg = Debug|Any CPU
		{799ECA65-6748-4B7C-BBD5-429C19E02161}.DVD-5|Any CPU.Build.0 = Debug|Any CPU
		{799ECA65-6748-4B7C-BBD5-429C19E02161}.DVD-5|x86.ActiveCfg = Debug|x86
		{799ECA65-6748-4B7C-BBD5-429C19E02161}.DVD-5|x86.Build.0 = Debug|x86
		{799ECA65-6748-4B7C-BBD5-429C19E02161}.Release|Any CPU.ActiveCfg = Release|Any CPU
		{799ECA65-6748-4B7C-BBD5-429C19E02161}.Release|Any CPU.Build.0 = Release|Any CPU
		{799ECA65-6748-4B7C-BBD5-429C19E02161}.Release|x86.ActiveCfg = Release|Any CPU
		{799ECA65-6748-4B7C-BBD5-429C19E02161}.Release|x86.Build.0 = Release|Any CPU
		{799ECA65-6748-4B7C-BBD5-429C19E02161}.ReleaseDSProjection|Any CPU.ActiveCfg = Release|x86
		{799ECA65-6748-4B7C-BBD5-429C19E02161}.ReleaseDSProjection|x86.ActiveCfg = Release|x86
		{799ECA65-6748-4B7C-BBD5-429C19E02161}.ReleaseDSProjection|x86.Build.0 = Release|x86
		{799ECA65-6748-4B7C-BBD5-429C19E02161}.SingleImage|Any CPU.ActiveCfg = Release|Any CPU
		{799ECA65-6748-4B7C-BBD5-429C19E02161}.SingleImage|Any CPU.Build.0 = Release|Any CPU
		{799ECA65-6748-4B7C-BBD5-429C19E02161}.SingleImage|x86.ActiveCfg = Release|x86
		{799ECA65-6748-4B7C-BBD5-429C19E02161}.SingleImage|x86.Build.0 = Release|x86
		{B1B5657E-4843-42BC-B859-FFEE313A1680}.CD_ROM|Any CPU.ActiveCfg = Release|Any CPU
		{B1B5657E-4843-42BC-B859-FFEE313A1680}.CD_ROM|Any CPU.Build.0 = Release|Any CPU
		{B1B5657E-4843-42BC-B859-FFEE313A1680}.CD_ROM|x86.ActiveCfg = Release|Any CPU
		{B1B5657E-4843-42BC-B859-FFEE313A1680}.Debug|Any CPU.ActiveCfg = Debug|Any CPU
		{B1B5657E-4843-42BC-B859-FFEE313A1680}.Debug|Any CPU.Build.0 = Debug|Any CPU
		{B1B5657E-4843-42BC-B859-FFEE313A1680}.Debug|x86.ActiveCfg = Debug|Any CPU
		{B1B5657E-4843-42BC-B859-FFEE313A1680}.DebugDSProjection|Any CPU.ActiveCfg = Debug|Any CPU
		{B1B5657E-4843-42BC-B859-FFEE313A1680}.DebugDSProjection|Any CPU.Build.0 = Debug|Any CPU
		{B1B5657E-4843-42BC-B859-FFEE313A1680}.DebugDSProjection|x86.ActiveCfg = Debug|Any CPU
		{B1B5657E-4843-42BC-B859-FFEE313A1680}.DVD-5|Any CPU.ActiveCfg = Debug|Any CPU
		{B1B5657E-4843-42BC-B859-FFEE313A1680}.DVD-5|Any CPU.Build.0 = Debug|Any CPU
		{B1B5657E-4843-42BC-B859-FFEE313A1680}.DVD-5|x86.ActiveCfg = Debug|Any CPU
		{B1B5657E-4843-42BC-B859-FFEE313A1680}.Release|Any CPU.ActiveCfg = Release|Any CPU
		{B1B5657E-4843-42BC-B859-FFEE313A1680}.Release|Any CPU.Build.0 = Release|Any CPU
		{B1B5657E-4843-42BC-B859-FFEE313A1680}.Release|x86.ActiveCfg = Release|Any CPU
		{B1B5657E-4843-42BC-B859-FFEE313A1680}.ReleaseDSProjection|Any CPU.ActiveCfg = Release|Any CPU
		{B1B5657E-4843-42BC-B859-FFEE313A1680}.ReleaseDSProjection|Any CPU.Build.0 = Release|Any CPU
		{B1B5657E-4843-42BC-B859-FFEE313A1680}.ReleaseDSProjection|x86.ActiveCfg = Release|Any CPU
		{B1B5657E-4843-42BC-B859-FFEE313A1680}.SingleImage|Any CPU.ActiveCfg = Release|Any CPU
		{B1B5657E-4843-42BC-B859-FFEE313A1680}.SingleImage|Any CPU.Build.0 = Release|Any CPU
		{B1B5657E-4843-42BC-B859-FFEE313A1680}.SingleImage|x86.ActiveCfg = Release|Any CPU
		{FB20C4F6-B32D-428D-AACC-26C7D0EC314F}.CD_ROM|Any CPU.ActiveCfg = Release|Any CPU
		{FB20C4F6-B32D-428D-AACC-26C7D0EC314F}.CD_ROM|Any CPU.Build.0 = Release|Any CPU
		{FB20C4F6-B32D-428D-AACC-26C7D0EC314F}.CD_ROM|x86.ActiveCfg = Release|Any CPU
		{FB20C4F6-B32D-428D-AACC-26C7D0EC314F}.Debug|Any CPU.ActiveCfg = Release|Any CPU
		{FB20C4F6-B32D-428D-AACC-26C7D0EC314F}.Debug|Any CPU.Build.0 = Release|Any CPU
		{FB20C4F6-B32D-428D-AACC-26C7D0EC314F}.Debug|x86.ActiveCfg = Debug|Any CPU
		{FB20C4F6-B32D-428D-AACC-26C7D0EC314F}.DebugDSProjection|Any CPU.ActiveCfg = Debug|Any CPU
		{FB20C4F6-B32D-428D-AACC-26C7D0EC314F}.DebugDSProjection|Any CPU.Build.0 = Debug|Any CPU
		{FB20C4F6-B32D-428D-AACC-26C7D0EC314F}.DebugDSProjection|x86.ActiveCfg = Debug|Any CPU
		{FB20C4F6-B32D-428D-AACC-26C7D0EC314F}.DVD-5|Any CPU.ActiveCfg = Debug|Any CPU
		{FB20C4F6-B32D-428D-AACC-26C7D0EC314F}.DVD-5|Any CPU.Build.0 = Debug|Any CPU
		{FB20C4F6-B32D-428D-AACC-26C7D0EC314F}.DVD-5|x86.ActiveCfg = Debug|Any CPU
		{FB20C4F6-B32D-428D-AACC-26C7D0EC314F}.Release|Any CPU.ActiveCfg = Release|Any CPU
		{FB20C4F6-B32D-428D-AACC-26C7D0EC314F}.Release|Any CPU.Build.0 = Release|Any CPU
		{FB20C4F6-B32D-428D-AACC-26C7D0EC314F}.Release|x86.ActiveCfg = Release|Any CPU
		{FB20C4F6-B32D-428D-AACC-26C7D0EC314F}.ReleaseDSProjection|Any CPU.ActiveCfg = Release|Any CPU
		{FB20C4F6-B32D-428D-AACC-26C7D0EC314F}.ReleaseDSProjection|Any CPU.Build.0 = Release|Any CPU
		{FB20C4F6-B32D-428D-AACC-26C7D0EC314F}.ReleaseDSProjection|x86.ActiveCfg = Release|Any CPU
		{FB20C4F6-B32D-428D-AACC-26C7D0EC314F}.SingleImage|Any CPU.ActiveCfg = Release|Any CPU
		{FB20C4F6-B32D-428D-AACC-26C7D0EC314F}.SingleImage|Any CPU.Build.0 = Release|Any CPU
		{FB20C4F6-B32D-428D-AACC-26C7D0EC314F}.SingleImage|x86.ActiveCfg = Release|Any CPU
		{C83777FC-AABB-47D9-911F-D76255D4D541}.CD_ROM|Any CPU.ActiveCfg = Release|Any CPU
		{C83777FC-AABB-47D9-911F-D76255D4D541}.CD_ROM|Any CPU.Build.0 = Release|Any CPU
		{C83777FC-AABB-47D9-911F-D76255D4D541}.CD_ROM|x86.ActiveCfg = Release|Any CPU
		{C83777FC-AABB-47D9-911F-D76255D4D541}.CD_ROM|x86.Build.0 = Release|Any CPU
		{C83777FC-AABB-47D9-911F-D76255D4D541}.Debug|Any CPU.ActiveCfg = Release|Any CPU
		{C83777FC-AABB-47D9-911F-D76255D4D541}.Debug|Any CPU.Build.0 = Release|Any CPU
		{C83777FC-AABB-47D9-911F-D76255D4D541}.Debug|x86.ActiveCfg = Debug|Any CPU
		{C83777FC-AABB-47D9-911F-D76255D4D541}.Debug|x86.Build.0 = Debug|Any CPU
		{C83777FC-AABB-47D9-911F-D76255D4D541}.DebugDSProjection|Any CPU.ActiveCfg = Debug|Any CPU
		{C83777FC-AABB-47D9-911F-D76255D4D541}.DebugDSProjection|Any CPU.Build.0 = Debug|Any CPU
		{C83777FC-AABB-47D9-911F-D76255D4D541}.DebugDSProjection|x86.ActiveCfg = Debug|Any CPU
		{C83777FC-AABB-47D9-911F-D76255D4D541}.DebugDSProjection|x86.Build.0 = Debug|Any CPU
		{C83777FC-AABB-47D9-911F-D76255D4D541}.DVD-5|Any CPU.ActiveCfg = Debug|Any CPU
		{C83777FC-AABB-47D9-911F-D76255D4D541}.DVD-5|Any CPU.Build.0 = Debug|Any CPU
		{C83777FC-AABB-47D9-911F-D76255D4D541}.DVD-5|x86.ActiveCfg = Debug|Any CPU
		{C83777FC-AABB-47D9-911F-D76255D4D541}.DVD-5|x86.Build.0 = Debug|Any CPU
		{C83777FC-AABB-47D9-911F-D76255D4D541}.Release|Any CPU.ActiveCfg = Release|Any CPU
		{C83777FC-AABB-47D9-911F-D76255D4D541}.Release|Any CPU.Build.0 = Release|Any CPU
		{C83777FC-AABB-47D9-911F-D76255D4D541}.Release|x86.ActiveCfg = Release|Any CPU
		{C83777FC-AABB-47D9-911F-D76255D4D541}.Release|x86.Build.0 = Release|Any CPU
		{C83777FC-AABB-47D9-911F-D76255D4D541}.ReleaseDSProjection|Any CPU.ActiveCfg = Release|Any CPU
		{C83777FC-AABB-47D9-911F-D76255D4D541}.ReleaseDSProjection|Any CPU.Build.0 = Release|Any CPU
		{C83777FC-AABB-47D9-911F-D76255D4D541}.ReleaseDSProjection|x86.ActiveCfg = Release|Any CPU
		{C83777FC-AABB-47D9-911F-D76255D4D541}.ReleaseDSProjection|x86.Build.0 = Release|Any CPU
		{C83777FC-AABB-47D9-911F-D76255D4D541}.SingleImage|Any CPU.ActiveCfg = Release|Any CPU
		{C83777FC-AABB-47D9-911F-D76255D4D541}.SingleImage|Any CPU.Build.0 = Release|Any CPU
		{C83777FC-AABB-47D9-911F-D76255D4D541}.SingleImage|x86.ActiveCfg = Release|Any CPU
		{C83777FC-AABB-47D9-911F-D76255D4D541}.SingleImage|x86.Build.0 = Release|Any CPU
		{A4140C12-53F5-438C-8D24-9E48C504FECF}.CD_ROM|Any CPU.ActiveCfg = Release|Any CPU
		{A4140C12-53F5-438C-8D24-9E48C504FECF}.CD_ROM|Any CPU.Build.0 = Release|Any CPU
		{A4140C12-53F5-438C-8D24-9E48C504FECF}.CD_ROM|x86.ActiveCfg = Release|Any CPU
		{A4140C12-53F5-438C-8D24-9E48C504FECF}.CD_ROM|x86.Build.0 = Release|Any CPU
		{A4140C12-53F5-438C-8D24-9E48C504FECF}.Debug|Any CPU.ActiveCfg = Release|Any CPU
		{A4140C12-53F5-438C-8D24-9E48C504FECF}.Debug|Any CPU.Build.0 = Release|Any CPU
		{A4140C12-53F5-438C-8D24-9E48C504FECF}.Debug|x86.ActiveCfg = Debug|Any CPU
		{A4140C12-53F5-438C-8D24-9E48C504FECF}.Debug|x86.Build.0 = Debug|Any CPU
		{A4140C12-53F5-438C-8D24-9E48C504FECF}.DebugDSProjection|Any CPU.ActiveCfg = Debug|Any CPU
		{A4140C12-53F5-438C-8D24-9E48C504FECF}.DebugDSProjection|Any CPU.Build.0 = Debug|Any CPU
		{A4140C12-53F5-438C-8D24-9E48C504FECF}.DebugDSProjection|x86.ActiveCfg = Debug|Any CPU
		{A4140C12-53F5-438C-8D24-9E48C504FECF}.DebugDSProjection|x86.Build.0 = Debug|Any CPU
		{A4140C12-53F5-438C-8D24-9E48C504FECF}.DVD-5|Any CPU.ActiveCfg = Debug|Any CPU
		{A4140C12-53F5-438C-8D24-9E48C504FECF}.DVD-5|Any CPU.Build.0 = Debug|Any CPU
		{A4140C12-53F5-438C-8D24-9E48C504FECF}.DVD-5|x86.ActiveCfg = Debug|Any CPU
		{A4140C12-53F5-438C-8D24-9E48C504FECF}.DVD-5|x86.Build.0 = Debug|Any CPU
		{A4140C12-53F5-438C-8D24-9E48C504FECF}.Release|Any CPU.ActiveCfg = Release|Any CPU
		{A4140C12-53F5-438C-8D24-9E48C504FECF}.Release|Any CPU.Build.0 = Release|Any CPU
		{A4140C12-53F5-438C-8D24-9E48C504FECF}.Release|x86.ActiveCfg = Release|Any CPU
		{A4140C12-53F5-438C-8D24-9E48C504FECF}.Release|x86.Build.0 = Release|Any CPU
		{A4140C12-53F5-438C-8D24-9E48C504FECF}.ReleaseDSProjection|Any CPU.ActiveCfg = Release|Any CPU
		{A4140C12-53F5-438C-8D24-9E48C504FECF}.ReleaseDSProjection|Any CPU.Build.0 = Release|Any CPU
		{A4140C12-53F5-438C-8D24-9E48C504FECF}.ReleaseDSProjection|x86.ActiveCfg = Release|Any CPU
		{A4140C12-53F5-438C-8D24-9E48C504FECF}.ReleaseDSProjection|x86.Build.0 = Release|Any CPU
		{A4140C12-53F5-438C-8D24-9E48C504FECF}.SingleImage|Any CPU.ActiveCfg = Release|Any CPU
		{A4140C12-53F5-438C-8D24-9E48C504FECF}.SingleImage|Any CPU.Build.0 = Release|Any CPU
		{A4140C12-53F5-438C-8D24-9E48C504FECF}.SingleImage|x86.ActiveCfg = Release|Any CPU
		{A4140C12-53F5-438C-8D24-9E48C504FECF}.SingleImage|x86.Build.0 = Release|Any CPU
		{D84F31ED-3D81-42F2-9190-3D021D6038A0}.CD_ROM|Any CPU.ActiveCfg = Release|Any CPU
		{D84F31ED-3D81-42F2-9190-3D021D6038A0}.CD_ROM|Any CPU.Build.0 = Release|Any CPU
		{D84F31ED-3D81-42F2-9190-3D021D6038A0}.CD_ROM|x86.ActiveCfg = Release|Any CPU
		{D84F31ED-3D81-42F2-9190-3D021D6038A0}.CD_ROM|x86.Build.0 = Release|Any CPU
		{D84F31ED-3D81-42F2-9190-3D021D6038A0}.Debug|Any CPU.ActiveCfg = Release|Any CPU
		{D84F31ED-3D81-42F2-9190-3D021D6038A0}.Debug|Any CPU.Build.0 = Release|Any CPU
		{D84F31ED-3D81-42F2-9190-3D021D6038A0}.Debug|x86.ActiveCfg = Debug|Any CPU
		{D84F31ED-3D81-42F2-9190-3D021D6038A0}.Debug|x86.Build.0 = Debug|Any CPU
		{D84F31ED-3D81-42F2-9190-3D021D6038A0}.DebugDSProjection|Any CPU.ActiveCfg = Debug|Any CPU
		{D84F31ED-3D81-42F2-9190-3D021D6038A0}.DebugDSProjection|Any CPU.Build.0 = Debug|Any CPU
		{D84F31ED-3D81-42F2-9190-3D021D6038A0}.DebugDSProjection|x86.ActiveCfg = Debug|Any CPU
		{D84F31ED-3D81-42F2-9190-3D021D6038A0}.DebugDSProjection|x86.Build.0 = Debug|Any CPU
		{D84F31ED-3D81-42F2-9190-3D021D6038A0}.DVD-5|Any CPU.ActiveCfg = Debug|Any CPU
		{D84F31ED-3D81-42F2-9190-3D021D6038A0}.DVD-5|Any CPU.Build.0 = Debug|Any CPU
		{D84F31ED-3D81-42F2-9190-3D021D6038A0}.DVD-5|x86.ActiveCfg = Debug|Any CPU
		{D84F31ED-3D81-42F2-9190-3D021D6038A0}.DVD-5|x86.Build.0 = Debug|Any CPU
		{D84F31ED-3D81-42F2-9190-3D021D6038A0}.Release|Any CPU.ActiveCfg = Release|Any CPU
		{D84F31ED-3D81-42F2-9190-3D021D6038A0}.Release|Any CPU.Build.0 = Release|Any CPU
		{D84F31ED-3D81-42F2-9190-3D021D6038A0}.Release|x86.ActiveCfg = Release|Any CPU
		{D84F31ED-3D81-42F2-9190-3D021D6038A0}.Release|x86.Build.0 = Release|Any CPU
		{D84F31ED-3D81-42F2-9190-3D021D6038A0}.ReleaseDSProjection|Any CPU.ActiveCfg = Release|Any CPU
		{D84F31ED-3D81-42F2-9190-3D021D6038A0}.ReleaseDSProjection|Any CPU.Build.0 = Release|Any CPU
		{D84F31ED-3D81-42F2-9190-3D021D6038A0}.ReleaseDSProjection|x86.ActiveCfg = Release|Any CPU
		{D84F31ED-3D81-42F2-9190-3D021D6038A0}.ReleaseDSProjection|x86.Build.0 = Release|Any CPU
		{D84F31ED-3D81-42F2-9190-3D021D6038A0}.SingleImage|Any CPU.ActiveCfg = Release|Any CPU
		{D84F31ED-3D81-42F2-9190-3D021D6038A0}.SingleImage|Any CPU.Build.0 = Release|Any CPU
		{D84F31ED-3D81-42F2-9190-3D021D6038A0}.SingleImage|x86.ActiveCfg = Release|Any CPU
		{D84F31ED-3D81-42F2-9190-3D021D6038A0}.SingleImage|x86.Build.0 = Release|Any CPU
		{DD1CC1DB-4BF9-4C88-A100-733D84795F3A}.CD_ROM|Any CPU.ActiveCfg = Release|Any CPU
		{DD1CC1DB-4BF9-4C88-A100-733D84795F3A}.CD_ROM|Any CPU.Build.0 = Release|Any CPU
		{DD1CC1DB-4BF9-4C88-A100-733D84795F3A}.CD_ROM|x86.ActiveCfg = Release|Any CPU
		{DD1CC1DB-4BF9-4C88-A100-733D84795F3A}.CD_ROM|x86.Build.0 = Release|Any CPU
		{DD1CC1DB-4BF9-4C88-A100-733D84795F3A}.Debug|Any CPU.ActiveCfg = Release|Any CPU
		{DD1CC1DB-4BF9-4C88-A100-733D84795F3A}.Debug|Any CPU.Build.0 = Release|Any CPU
		{DD1CC1DB-4BF9-4C88-A100-733D84795F3A}.Debug|x86.ActiveCfg = Debug|Any CPU
		{DD1CC1DB-4BF9-4C88-A100-733D84795F3A}.Debug|x86.Build.0 = Debug|Any CPU
		{DD1CC1DB-4BF9-4C88-A100-733D84795F3A}.DebugDSProjection|Any CPU.ActiveCfg = Debug|Any CPU
		{DD1CC1DB-4BF9-4C88-A100-733D84795F3A}.DebugDSProjection|Any CPU.Build.0 = Debug|Any CPU
		{DD1CC1DB-4BF9-4C88-A100-733D84795F3A}.DebugDSProjection|x86.ActiveCfg = Debug|Any CPU
		{DD1CC1DB-4BF9-4C88-A100-733D84795F3A}.DebugDSProjection|x86.Build.0 = Debug|Any CPU
		{DD1CC1DB-4BF9-4C88-A100-733D84795F3A}.DVD-5|Any CPU.ActiveCfg = Debug|Any CPU
		{DD1CC1DB-4BF9-4C88-A100-733D84795F3A}.DVD-5|Any CPU.Build.0 = Debug|Any CPU
		{DD1CC1DB-4BF9-4C88-A100-733D84795F3A}.DVD-5|x86.ActiveCfg = Debug|Any CPU
		{DD1CC1DB-4BF9-4C88-A100-733D84795F3A}.DVD-5|x86.Build.0 = Debug|Any CPU
		{DD1CC1DB-4BF9-4C88-A100-733D84795F3A}.Release|Any CPU.ActiveCfg = Release|Any CPU
		{DD1CC1DB-4BF9-4C88-A100-733D84795F3A}.Release|Any CPU.Build.0 = Release|Any CPU
		{DD1CC1DB-4BF9-4C88-A100-733D84795F3A}.Release|x86.ActiveCfg = Release|Any CPU
		{DD1CC1DB-4BF9-4C88-A100-733D84795F3A}.Release|x86.Build.0 = Release|Any CPU
		{DD1CC1DB-4BF9-4C88-A100-733D84795F3A}.ReleaseDSProjection|Any CPU.ActiveCfg = Release|Any CPU
		{DD1CC1DB-4BF9-4C88-A100-733D84795F3A}.ReleaseDSProjection|Any CPU.Build.0 = Release|Any CPU
		{DD1CC1DB-4BF9-4C88-A100-733D84795F3A}.ReleaseDSProjection|x86.ActiveCfg = Release|Any CPU
		{DD1CC1DB-4BF9-4C88-A100-733D84795F3A}.ReleaseDSProjection|x86.Build.0 = Release|Any CPU
		{DD1CC1DB-4BF9-4C88-A100-733D84795F3A}.SingleImage|Any CPU.ActiveCfg = Release|Any CPU
		{DD1CC1DB-4BF9-4C88-A100-733D84795F3A}.SingleImage|Any CPU.Build.0 = Release|Any CPU
		{DD1CC1DB-4BF9-4C88-A100-733D84795F3A}.SingleImage|x86.ActiveCfg = Release|Any CPU
		{DD1CC1DB-4BF9-4C88-A100-733D84795F3A}.SingleImage|x86.Build.0 = Release|Any CPU
	EndGlobalSection
	GlobalSection(SolutionProperties) = preSolution
		HideSolutionNode = FALSE
	EndGlobalSection
	GlobalSection(ExtensibilityGlobals) = postSolution
		SolutionGuid = {B79EA374-0D55-4C52-AFC5-E650027D0FE8}
	EndGlobalSection
	GlobalSection(TestCaseManagementSettings) = postSolution
		CategoryFile = FTAnalyzer.vsmdi
	EndGlobalSection
	GlobalSection(TestCaseManagementSettings) = postSolution
		CategoryFile = MultiSelectTreeView.vsmdi
	EndGlobalSection
EndGlobal
